
Microsoft Visual Studio Solution File, Format Version 12.00
# Visual Studio 15
VisualStudioVersion = 15.0.28010.2046
MinimumVisualStudioVersion = 10.0.40219.1
Project("{FAE04EC0-301F-11D3-BF4B-00C04F79EFBC}") = "KeyboardBiometrics", "KeyboardBiometrics\KeyboardBiometrics.csproj", "{04BCC17C-94F9-44A3-85D9-0D040059D245}"
EndProject
Global
	GlobalSection(SolutionConfigurationPlatforms) = preSolution
		Debug|Any CPU = Debug|Any CPU
		Release|Any CPU = Release|Any CPU
	EndGlobalSection
	GlobalSection(ProjectConfigurationPlatforms) = postSolution
		{04BCC17C-94F9-44A3-85D9-0D040059D245}.Debug|Any CPU.ActiveCfg = Debug|Any CPU
		{04BCC17C-94F9-44A3-85D9-0D040059D245}.Debug|Any CPU.Build.0 = Debug|Any CPU
		{04BCC17C-94F9-44A3-85D9-0D040059D245}.Release|Any CPU.ActiveCfg = Release|Any CPU
		{04BCC17C-94F9-44A3-85D9-0D040059D245}.Release|Any CPU.Build.0 = Release|Any CPU
	EndGlobalSection
	GlobalSection(SolutionProperties) = preSolution
		HideSolutionNode = FALSE
	EndGlobalSection
	GlobalSection(ExtensibilityGlobals) = postSolution
		SolutionGuid = {D507F77D-C249-43FA-A390-93E3339847DC}
	EndGlobalSection
EndGlobal
